// !$*UTF8*$!
{
	archiveVersion = 1;
	classes = {
	};
	objectVersion = 60;
	objects = {

/* Begin PBXBuildFile section */
		DB0CA9032C7DE7E700BF7A5B /* Extension.swift in Sources */ = {isa = PBXBuildFile; fileRef = DB0CA9022C7DE7E700BF7A5B /* Extension.swift */; };
		DB1B5FE72C7FCA70009D92BA /* ProfileVC.swift in Sources */ = {isa = PBXBuildFile; fileRef = DB1B5FE62C7FCA70009D92BA /* ProfileVC.swift */; };
		DB1B5FE92C7FCBCA009D92BA /* FavoritesVC.swift in Sources */ = {isa = PBXBuildFile; fileRef = DB1B5FE82C7FCBCA009D92BA /* FavoritesVC.swift */; };
		DB1B5FEB2C7FCBE4009D92BA /* SearchVC.swift in Sources */ = {isa = PBXBuildFile; fileRef = DB1B5FEA2C7FCBE4009D92BA /* SearchVC.swift */; };
		DB1B5FED2C80CCF2009D92BA /* HomeFeedHeader.swift in Sources */ = {isa = PBXBuildFile; fileRef = DB1B5FEC2C80CCF2009D92BA /* HomeFeedHeader.swift */; };
		DB8219BC2C88B076002644B8 /* SearchFeedCell.swift in Sources */ = {isa = PBXBuildFile; fileRef = DB8219BB2C88B076002644B8 /* SearchFeedCell.swift */; };
		DB8219BE2C88BA7B002644B8 /* FeaturedCollections.swift in Sources */ = {isa = PBXBuildFile; fileRef = DB8219BD2C88BA7B002644B8 /* FeaturedCollections.swift */; };
		DB8219C12C88BC16002644B8 /* CollectionsManager.swift in Sources */ = {isa = PBXBuildFile; fileRef = DB8219C02C88BC16002644B8 /* CollectionsManager.swift */; };
		DB8219C32C88BC45002644B8 /* CollectionsEndpoint.swift in Sources */ = {isa = PBXBuildFile; fileRef = DB8219C22C88BC45002644B8 /* CollectionsEndpoint.swift */; };
		DB8219C52C88C09A002644B8 /* SearchVM.swift in Sources */ = {isa = PBXBuildFile; fileRef = DB8219C42C88C09A002644B8 /* SearchVM.swift */; };
		DB8219C82C88F6F0002644B8 /* CollectionDetailVC.swift in Sources */ = {isa = PBXBuildFile; fileRef = DB8219C72C88F6F0002644B8 /* CollectionDetailVC.swift */; };
		DB8219CA2C88F700002644B8 /* CollectionDetailVM.swift in Sources */ = {isa = PBXBuildFile; fileRef = DB8219C92C88F700002644B8 /* CollectionDetailVM.swift */; };
		DB8219CC2C88F812002644B8 /* CollectionMedia.swift in Sources */ = {isa = PBXBuildFile; fileRef = DB8219CB2C88F812002644B8 /* CollectionMedia.swift */; };
		DBA43C382C70EA1F00B39B4C /* HomeVC.swift in Sources */ = {isa = PBXBuildFile; fileRef = DBA43C372C70EA1F00B39B4C /* HomeVC.swift */; };
		DBB63FD42C79C7EB0048A31D /* Alamofire in Frameworks */ = {isa = PBXBuildFile; productRef = DBB63FD32C79C7EB0048A31D /* Alamofire */; };
		DBB63FD72C79C8010048A31D /* Kingfisher in Frameworks */ = {isa = PBXBuildFile; productRef = DBB63FD62C79C8010048A31D /* Kingfisher */; };
		DBB63FDC2C79C88F0048A31D /* NetworkManager.swift in Sources */ = {isa = PBXBuildFile; fileRef = DBB63FDB2C79C88F0048A31D /* NetworkManager.swift */; };
		DBB63FDE2C79C8BA0048A31D /* NetworkConstants.swift in Sources */ = {isa = PBXBuildFile; fileRef = DBB63FDD2C79C8BA0048A31D /* NetworkConstants.swift */; };
		DBB63FE12C79CB880048A31D /* PhotosManager.swift in Sources */ = {isa = PBXBuildFile; fileRef = DBB63FE02C79CB880048A31D /* PhotosManager.swift */; };
		DBB63FE32C79CB920048A31D /* PhotosEndpoint.swift in Sources */ = {isa = PBXBuildFile; fileRef = DBB63FE22C79CB920048A31D /* PhotosEndpoint.swift */; };
		DBB63FE62C79D35B0048A31D /* Photo.swift in Sources */ = {isa = PBXBuildFile; fileRef = DBB63FE52C79D35B0048A31D /* Photo.swift */; };
		DBB63FEE2C7A337A0048A31D /* HomeFeedCell.swift in Sources */ = {isa = PBXBuildFile; fileRef = DBB63FED2C7A337A0048A31D /* HomeFeedCell.swift */; };
		DBB63FF12C7A4DCC0048A31D /* HomeVM.swift in Sources */ = {isa = PBXBuildFile; fileRef = DBB63FF02C7A4DCC0048A31D /* HomeVM.swift */; };
		DBBAEE672C84EF4000F9FA7E /* PhotoDetailVC.swift in Sources */ = {isa = PBXBuildFile; fileRef = DBBAEE662C84EF4000F9FA7E /* PhotoDetailVC.swift */; };
		DBBAEE692C859CAE00F9FA7E /* PhotoDetailVM.swift in Sources */ = {isa = PBXBuildFile; fileRef = DBBAEE682C859CAE00F9FA7E /* PhotoDetailVM.swift */; };
		DBCE251E2C5EC5A600B39853 /* AppDelegate.swift in Sources */ = {isa = PBXBuildFile; fileRef = DBCE251D2C5EC5A600B39853 /* AppDelegate.swift */; };
		DBCE25202C5EC5A600B39853 /* SceneDelegate.swift in Sources */ = {isa = PBXBuildFile; fileRef = DBCE251F2C5EC5A600B39853 /* SceneDelegate.swift */; };
		DBCE25272C5EC5A900B39853 /* Assets.xcassets in Resources */ = {isa = PBXBuildFile; fileRef = DBCE25262C5EC5A900B39853 /* Assets.xcassets */; };
		DBCE252A2C5EC5A900B39853 /* Base in Resources */ = {isa = PBXBuildFile; fileRef = DBCE25292C5EC5A900B39853 /* Base */; };
		DBFEB0D72C7F8ABD00520087 /* TabBarVC.swift in Sources */ = {isa = PBXBuildFile; fileRef = DBFEB0D62C7F8ABD00520087 /* TabBarVC.swift */; };
/* End PBXBuildFile section */

/* Begin PBXFileReference section */
		DB0CA9022C7DE7E700BF7A5B /* Extension.swift */ = {isa = PBXFileReference; lastKnownFileType = sourcecode.swift; path = Extension.swift; sourceTree = "<group>"; };
		DB1B5FE62C7FCA70009D92BA /* ProfileVC.swift */ = {isa = PBXFileReference; lastKnownFileType = sourcecode.swift; path = ProfileVC.swift; sourceTree = "<group>"; };
		DB1B5FE82C7FCBCA009D92BA /* FavoritesVC.swift */ = {isa = PBXFileReference; lastKnownFileType = sourcecode.swift; path = FavoritesVC.swift; sourceTree = "<group>"; };
		DB1B5FEA2C7FCBE4009D92BA /* SearchVC.swift */ = {isa = PBXFileReference; lastKnownFileType = sourcecode.swift; path = SearchVC.swift; sourceTree = "<group>"; };
		DB1B5FEC2C80CCF2009D92BA /* HomeFeedHeader.swift */ = {isa = PBXFileReference; lastKnownFileType = sourcecode.swift; path = HomeFeedHeader.swift; sourceTree = "<group>"; };
		DB8219BB2C88B076002644B8 /* SearchFeedCell.swift */ = {isa = PBXFileReference; lastKnownFileType = sourcecode.swift; path = SearchFeedCell.swift; sourceTree = "<group>"; };
		DB8219BD2C88BA7B002644B8 /* FeaturedCollections.swift */ = {isa = PBXFileReference; lastKnownFileType = sourcecode.swift; path = FeaturedCollections.swift; sourceTree = "<group>"; };
		DB8219C02C88BC16002644B8 /* CollectionsManager.swift */ = {isa = PBXFileReference; lastKnownFileType = sourcecode.swift; path = CollectionsManager.swift; sourceTree = "<group>"; };
		DB8219C22C88BC45002644B8 /* CollectionsEndpoint.swift */ = {isa = PBXFileReference; lastKnownFileType = sourcecode.swift; path = CollectionsEndpoint.swift; sourceTree = "<group>"; };
		DB8219C42C88C09A002644B8 /* SearchVM.swift */ = {isa = PBXFileReference; lastKnownFileType = sourcecode.swift; path = SearchVM.swift; sourceTree = "<group>"; };
		DB8219C72C88F6F0002644B8 /* CollectionDetailVC.swift */ = {isa = PBXFileReference; lastKnownFileType = sourcecode.swift; path = CollectionDetailVC.swift; sourceTree = "<group>"; };
		DB8219C92C88F700002644B8 /* CollectionDetailVM.swift */ = {isa = PBXFileReference; lastKnownFileType = sourcecode.swift; path = CollectionDetailVM.swift; sourceTree = "<group>"; };
		DB8219CB2C88F812002644B8 /* CollectionMedia.swift */ = {isa = PBXFileReference; lastKnownFileType = sourcecode.swift; path = CollectionMedia.swift; sourceTree = "<group>"; };
		DBA43C372C70EA1F00B39B4C /* HomeVC.swift */ = {isa = PBXFileReference; lastKnownFileType = sourcecode.swift; path = HomeVC.swift; sourceTree = "<group>"; };
		DBB63FDB2C79C88F0048A31D /* NetworkManager.swift */ = {isa = PBXFileReference; lastKnownFileType = sourcecode.swift; path = NetworkManager.swift; sourceTree = "<group>"; };
		DBB63FDD2C79C8BA0048A31D /* NetworkConstants.swift */ = {isa = PBXFileReference; lastKnownFileType = sourcecode.swift; path = NetworkConstants.swift; sourceTree = "<group>"; };
		DBB63FE02C79CB880048A31D /* PhotosManager.swift */ = {isa = PBXFileReference; lastKnownFileType = sourcecode.swift; path = PhotosManager.swift; sourceTree = "<group>"; };
		DBB63FE22C79CB920048A31D /* PhotosEndpoint.swift */ = {isa = PBXFileReference; lastKnownFileType = sourcecode.swift; path = PhotosEndpoint.swift; sourceTree = "<group>"; };
		DBB63FE52C79D35B0048A31D /* Photo.swift */ = {isa = PBXFileReference; lastKnownFileType = sourcecode.swift; path = Photo.swift; sourceTree = "<group>"; };
		DBB63FED2C7A337A0048A31D /* HomeFeedCell.swift */ = {isa = PBXFileReference; lastKnownFileType = sourcecode.swift; path = HomeFeedCell.swift; sourceTree = "<group>"; };
		DBB63FF02C7A4DCC0048A31D /* HomeVM.swift */ = {isa = PBXFileReference; lastKnownFileType = sourcecode.swift; path = HomeVM.swift; sourceTree = "<group>"; };
		DBBAEE662C84EF4000F9FA7E /* PhotoDetailVC.swift */ = {isa = PBXFileReference; lastKnownFileType = sourcecode.swift; path = PhotoDetailVC.swift; sourceTree = "<group>"; };
		DBBAEE682C859CAE00F9FA7E /* PhotoDetailVM.swift */ = {isa = PBXFileReference; lastKnownFileType = sourcecode.swift; path = PhotoDetailVM.swift; sourceTree = "<group>"; };
		DBCE251A2C5EC5A600B39853 /* Pexels.app */ = {isa = PBXFileReference; explicitFileType = wrapper.application; includeInIndex = 0; path = Pexels.app; sourceTree = BUILT_PRODUCTS_DIR; };
		DBCE251D2C5EC5A600B39853 /* AppDelegate.swift */ = {isa = PBXFileReference; lastKnownFileType = sourcecode.swift; path = AppDelegate.swift; sourceTree = "<group>"; };
		DBCE251F2C5EC5A600B39853 /* SceneDelegate.swift */ = {isa = PBXFileReference; lastKnownFileType = sourcecode.swift; path = SceneDelegate.swift; sourceTree = "<group>"; };
		DBCE25262C5EC5A900B39853 /* Assets.xcassets */ = {isa = PBXFileReference; lastKnownFileType = folder.assetcatalog; path = Assets.xcassets; sourceTree = "<group>"; };
		DBCE25292C5EC5A900B39853 /* Base */ = {isa = PBXFileReference; lastKnownFileType = file.storyboard; name = Base; path = Base.lproj/LaunchScreen.storyboard; sourceTree = "<group>"; };
		DBCE252B2C5EC5A900B39853 /* Info.plist */ = {isa = PBXFileReference; lastKnownFileType = text.plist.xml; path = Info.plist; sourceTree = "<group>"; };
		DBFEB0D62C7F8ABD00520087 /* TabBarVC.swift */ = {isa = PBXFileReference; lastKnownFileType = sourcecode.swift; path = TabBarVC.swift; sourceTree = "<group>"; };
/* End PBXFileReference section */

/* Begin PBXFrameworksBuildPhase section */
		DBCE25172C5EC5A600B39853 /* Frameworks */ = {
			isa = PBXFrameworksBuildPhase;
			buildActionMask = 2147483647;
			files = (
				DBB63FD72C79C8010048A31D /* Kingfisher in Frameworks */,
				DBB63FD42C79C7EB0048A31D /* Alamofire in Frameworks */,
			);
			runOnlyForDeploymentPostprocessing = 0;
		};
/* End PBXFrameworksBuildPhase section */

/* Begin PBXGroup section */
		DB0CA9012C7DE7DA00BF7A5B /* Helper */ = {
			isa = PBXGroup;
			children = (
				DB0CA9022C7DE7E700BF7A5B /* Extension.swift */,
			);
			path = Helper;
			sourceTree = "<group>";
		};
		DB1B5FE32C7FCA1D009D92BA /* Search */ = {
			isa = PBXGroup;
			children = (
				DB1B5FEA2C7FCBE4009D92BA /* SearchVC.swift */,
				DB8219C42C88C09A002644B8 /* SearchVM.swift */,
				DB8219BB2C88B076002644B8 /* SearchFeedCell.swift */,
			);
			path = Search;
			sourceTree = "<group>";
		};
		DB1B5FE42C7FCA39009D92BA /* Favorites */ = {
			isa = PBXGroup;
			children = (
				DB1B5FE82C7FCBCA009D92BA /* FavoritesVC.swift */,
			);
			path = Favorites;
			sourceTree = "<group>";
		};
		DB1B5FE52C7FCA49009D92BA /* Profile */ = {
			isa = PBXGroup;
			children = (
				DB1B5FE62C7FCA70009D92BA /* ProfileVC.swift */,
			);
			path = Profile;
			sourceTree = "<group>";
		};
		DB25407F2C836BEF00A02B62 /* PhotoDetail */ = {
			isa = PBXGroup;
			children = (
				DBBAEE662C84EF4000F9FA7E /* PhotoDetailVC.swift */,
				DBBAEE682C859CAE00F9FA7E /* PhotoDetailVM.swift */,
			);
			path = PhotoDetail;
			sourceTree = "<group>";
		};
		DB8219BF2C88BBF7002644B8 /* Collections */ = {
			isa = PBXGroup;
			children = (
				DB8219C02C88BC16002644B8 /* CollectionsManager.swift */,
				DB8219C22C88BC45002644B8 /* CollectionsEndpoint.swift */,
			);
			path = Collections;
			sourceTree = "<group>";
		};
		DB8219C62C88F6A6002644B8 /* CollectionDetail */ = {
			isa = PBXGroup;
			children = (
				DB8219C72C88F6F0002644B8 /* CollectionDetailVC.swift */,
				DB8219C92C88F700002644B8 /* CollectionDetailVM.swift */,
			);
			path = CollectionDetail;
			sourceTree = "<group>";
		};
		DBB63FD82C79C8190048A31D /* Network */ = {
			isa = PBXGroup;
			children = (
				DB8219BF2C88BBF7002644B8 /* Collections */,
				DBB63FDF2C79CB670048A31D /* Photos */,
				DBB63FDA2C79C84B0048A31D /* Core */,
			);
			path = Network;
			sourceTree = "<group>";
		};
		DBB63FDA2C79C84B0048A31D /* Core */ = {
			isa = PBXGroup;
			children = (
				DBB63FDB2C79C88F0048A31D /* NetworkManager.swift */,
				DBB63FDD2C79C8BA0048A31D /* NetworkConstants.swift */,
			);
			path = Core;
			sourceTree = "<group>";
		};
		DBB63FDF2C79CB670048A31D /* Photos */ = {
			isa = PBXGroup;
			children = (
				DBB63FE02C79CB880048A31D /* PhotosManager.swift */,
				DBB63FE22C79CB920048A31D /* PhotosEndpoint.swift */,
			);
			path = Photos;
			sourceTree = "<group>";
		};
		DBB63FE42C79D34E0048A31D /* Model */ = {
			isa = PBXGroup;
			children = (
				DBB63FE52C79D35B0048A31D /* Photo.swift */,
				DB8219BD2C88BA7B002644B8 /* FeaturedCollections.swift */,
				DB8219CB2C88F812002644B8 /* CollectionMedia.swift */,
			);
			path = Model;
			sourceTree = "<group>";
		};
		DBB63FE92C79EA6C0048A31D /* Scene */ = {
			isa = PBXGroup;
			children = (
				DBFEB0D62C7F8ABD00520087 /* TabBarVC.swift */,
				DB1B5FE52C7FCA49009D92BA /* Profile */,
				DB1B5FE42C7FCA39009D92BA /* Favorites */,
				DB1B5FE32C7FCA1D009D92BA /* Search */,
				DB8219C62C88F6A6002644B8 /* CollectionDetail */,
				DBB63FEA2C79EA790048A31D /* Home */,
				DB25407F2C836BEF00A02B62 /* PhotoDetail */,
			);
			path = Scene;
			sourceTree = "<group>";
		};
		DBB63FEA2C79EA790048A31D /* Home */ = {
			isa = PBXGroup;
			children = (
				DBA43C372C70EA1F00B39B4C /* HomeVC.swift */,
				DBB63FF02C7A4DCC0048A31D /* HomeVM.swift */,
				DBB63FED2C7A337A0048A31D /* HomeFeedCell.swift */,
				DB1B5FEC2C80CCF2009D92BA /* HomeFeedHeader.swift */,
			);
			path = Home;
			sourceTree = "<group>";
		};
		DBCE25112C5EC5A600B39853 = {
			isa = PBXGroup;
			children = (
				DBCE251C2C5EC5A600B39853 /* Pexels */,
				DBCE251B2C5EC5A600B39853 /* Products */,
			);
			sourceTree = "<group>";
		};
		DBCE251B2C5EC5A600B39853 /* Products */ = {
			isa = PBXGroup;
			children = (
				DBCE251A2C5EC5A600B39853 /* Pexels.app */,
			);
			name = Products;
			sourceTree = "<group>";
		};
		DBCE251C2C5EC5A600B39853 /* Pexels */ = {
			isa = PBXGroup;
			children = (
				DBB63FE92C79EA6C0048A31D /* Scene */,
				DBB63FE42C79D34E0048A31D /* Model */,
				DB0CA9012C7DE7DA00BF7A5B /* Helper */,
				DBB63FD82C79C8190048A31D /* Network */,
				DBCE251D2C5EC5A600B39853 /* AppDelegate.swift */,
				DBCE251F2C5EC5A600B39853 /* SceneDelegate.swift */,
				DBCE25262C5EC5A900B39853 /* Assets.xcassets */,
				DBCE25282C5EC5A900B39853 /* LaunchScreen.storyboard */,
				DBCE252B2C5EC5A900B39853 /* Info.plist */,
			);
			path = Pexels;
			sourceTree = "<group>";
		};
/* End PBXGroup section */

/* Begin PBXNativeTarget section */
		DBCE25192C5EC5A600B39853 /* Pexels */ = {
			isa = PBXNativeTarget;
			buildConfigurationList = DBCE252E2C5EC5A900B39853 /* Build configuration list for PBXNativeTarget "Pexels" */;
			buildPhases = (
				DBCE25162C5EC5A600B39853 /* Sources */,
				DBCE25172C5EC5A600B39853 /* Frameworks */,
				DBCE25182C5EC5A600B39853 /* Resources */,
			);
			buildRules = (
			);
			dependencies = (
			);
			name = Pexels;
			packageProductDependencies = (
				DBB63FD32C79C7EB0048A31D /* Alamofire */,
				DBB63FD62C79C8010048A31D /* Kingfisher */,
			);
			productName = Pexels;
			productReference = DBCE251A2C5EC5A600B39853 /* Pexels.app */;
			productType = "com.apple.product-type.application";
		};
/* End PBXNativeTarget section */

/* Begin PBXProject section */
		DBCE25122C5EC5A600B39853 /* Project object */ = {
			isa = PBXProject;
			attributes = {
				BuildIndependentTargetsInParallel = 1;
				LastSwiftUpdateCheck = 1600;
				LastUpgradeCheck = 1600;
				TargetAttributes = {
					DBCE25192C5EC5A600B39853 = {
						CreatedOnToolsVersion = 16.0;
					};
				};
			};
			buildConfigurationList = DBCE25152C5EC5A600B39853 /* Build configuration list for PBXProject "Pexels" */;
			compatibilityVersion = "Xcode 15.0";
			developmentRegion = en;
			hasScannedForEncodings = 0;
			knownRegions = (
				en,
				Base,
			);
			mainGroup = DBCE25112C5EC5A600B39853;
			packageReferences = (
				DBB63FD22C79C7EB0048A31D /* XCRemoteSwiftPackageReference "Alamofire" */,
				DBB63FD52C79C8010048A31D /* XCRemoteSwiftPackageReference "Kingfisher" */,
			);
			productRefGroup = DBCE251B2C5EC5A600B39853 /* Products */;
			projectDirPath = "";
			projectRoot = "";
			targets = (
				DBCE25192C5EC5A600B39853 /* Pexels */,
			);
		};
/* End PBXProject section */

/* Begin PBXResourcesBuildPhase section */
		DBCE25182C5EC5A600B39853 /* Resources */ = {
			isa = PBXResourcesBuildPhase;
			buildActionMask = 2147483647;
			files = (
				DBCE25272C5EC5A900B39853 /* Assets.xcassets in Resources */,
				DBCE252A2C5EC5A900B39853 /* Base in Resources */,
			);
			runOnlyForDeploymentPostprocessing = 0;
		};
/* End PBXResourcesBuildPhase section */

/* Begin PBXSourcesBuildPhase section */
		DBCE25162C5EC5A600B39853 /* Sources */ = {
			isa = PBXSourcesBuildPhase;
			buildActionMask = 2147483647;
			files = (
				DBB63FE62C79D35B0048A31D /* Photo.swift in Sources */,
				DBB63FF12C7A4DCC0048A31D /* HomeVM.swift in Sources */,
				DB8219CA2C88F700002644B8 /* CollectionDetailVM.swift in Sources */,
				DBB63FEE2C7A337A0048A31D /* HomeFeedCell.swift in Sources */,
				DB8219BE2C88BA7B002644B8 /* FeaturedCollections.swift in Sources */,
				DB8219C52C88C09A002644B8 /* SearchVM.swift in Sources */,
				DBB63FE12C79CB880048A31D /* PhotosManager.swift in Sources */,
				DBBAEE672C84EF4000F9FA7E /* PhotoDetailVC.swift in Sources */,
				DB1B5FE92C7FCBCA009D92BA /* FavoritesVC.swift in Sources */,
				DB8219C12C88BC16002644B8 /* CollectionsManager.swift in Sources */,
				DB1B5FED2C80CCF2009D92BA /* HomeFeedHeader.swift in Sources */,
				DB0CA9032C7DE7E700BF7A5B /* Extension.swift in Sources */,
				DB8219C82C88F6F0002644B8 /* CollectionDetailVC.swift in Sources */,
				DB1B5FEB2C7FCBE4009D92BA /* SearchVC.swift in Sources */,
				DBB63FDC2C79C88F0048A31D /* NetworkManager.swift in Sources */,
				DBA43C382C70EA1F00B39B4C /* HomeVC.swift in Sources */,
				DB8219CC2C88F812002644B8 /* CollectionMedia.swift in Sources */,
				DBB63FDE2C79C8BA0048A31D /* NetworkConstants.swift in Sources */,
				DB8219C32C88BC45002644B8 /* CollectionsEndpoint.swift in Sources */,
				DB1B5FE72C7FCA70009D92BA /* ProfileVC.swift in Sources */,
				DBCE251E2C5EC5A600B39853 /* AppDelegate.swift in Sources */,
				DBBAEE692C859CAE00F9FA7E /* PhotoDetailVM.swift in Sources */,
				DBCE25202C5EC5A600B39853 /* SceneDelegate.swift in Sources */,
				DBFEB0D72C7F8ABD00520087 /* TabBarVC.swift in Sources */,
				DBB63FE32C79CB920048A31D /* PhotosEndpoint.swift in Sources */,
				DB8219BC2C88B076002644B8 /* SearchFeedCell.swift in Sources */,
			);
			runOnlyForDeploymentPostprocessing = 0;
		};
/* End PBXSourcesBuildPhase section */

/* Begin PBXVariantGroup section */
		DBCE25282C5EC5A900B39853 /* LaunchScreen.storyboard */ = {
			isa = PBXVariantGroup;
			children = (
				DBCE25292C5EC5A900B39853 /* Base */,
			);
			name = LaunchScreen.storyboard;
			sourceTree = "<group>";
		};
/* End PBXVariantGroup section */

/* Begin XCBuildConfiguration section */
		DBCE252C2C5EC5A900B39853 /* Debug */ = {
			isa = XCBuildConfiguration;
			buildSettings = {
				ALWAYS_SEARCH_USER_PATHS = NO;
				ASSETCATALOG_COMPILER_GENERATE_SWIFT_ASSET_SYMBOL_EXTENSIONS = YES;
				CLANG_ANALYZER_NONNULL = YES;
				CLANG_ANALYZER_NUMBER_OBJECT_CONVERSION = YES_AGGRESSIVE;
				CLANG_CXX_LANGUAGE_STANDARD = "gnu++20";
				CLANG_ENABLE_MODULES = YES;
				CLANG_ENABLE_OBJC_ARC = YES;
				CLANG_ENABLE_OBJC_WEAK = YES;
				CLANG_WARN_BLOCK_CAPTURE_AUTORELEASING = YES;
				CLANG_WARN_BOOL_CONVERSION = YES;
				CLANG_WARN_COMMA = YES;
				CLANG_WARN_CONSTANT_CONVERSION = YES;
				CLANG_WARN_DEPRECATED_OBJC_IMPLEMENTATIONS = YES;
				CLANG_WARN_DIRECT_OBJC_ISA_USAGE = YES_ERROR;
				CLANG_WARN_DOCUMENTATION_COMMENTS = YES;
				CLANG_WARN_EMPTY_BODY = YES;
				CLANG_WARN_ENUM_CONVERSION = YES;
				CLANG_WARN_INFINITE_RECURSION = YES;
				CLANG_WARN_INT_CONVERSION = YES;
				CLANG_WARN_NON_LITERAL_NULL_CONVERSION = YES;
				CLANG_WARN_OBJC_IMPLICIT_RETAIN_SELF = YES;
				CLANG_WARN_OBJC_LITERAL_CONVERSION = YES;
				CLANG_WARN_OBJC_ROOT_CLASS = YES_ERROR;
				CLANG_WARN_QUOTED_INCLUDE_IN_FRAMEWORK_HEADER = YES;
				CLANG_WARN_RANGE_LOOP_ANALYSIS = YES;
				CLANG_WARN_STRICT_PROTOTYPES = YES;
				CLANG_WARN_SUSPICIOUS_MOVE = YES;
				CLANG_WARN_UNGUARDED_AVAILABILITY = YES_AGGRESSIVE;
				CLANG_WARN_UNREACHABLE_CODE = YES;
				CLANG_WARN__DUPLICATE_METHOD_MATCH = YES;
				COPY_PHASE_STRIP = NO;
				DEBUG_INFORMATION_FORMAT = dwarf;
				ENABLE_STRICT_OBJC_MSGSEND = YES;
				ENABLE_TESTABILITY = YES;
				ENABLE_USER_SCRIPT_SANDBOXING = YES;
				GCC_C_LANGUAGE_STANDARD = gnu17;
				GCC_DYNAMIC_NO_PIC = NO;
				GCC_NO_COMMON_BLOCKS = YES;
				GCC_OPTIMIZATION_LEVEL = 0;
				GCC_PREPROCESSOR_DEFINITIONS = (
					"DEBUG=1",
					"$(inherited)",
				);
				GCC_WARN_64_TO_32_BIT_CONVERSION = YES;
				GCC_WARN_ABOUT_RETURN_TYPE = YES_ERROR;
				GCC_WARN_UNDECLARED_SELECTOR = YES;
				GCC_WARN_UNINITIALIZED_AUTOS = YES_AGGRESSIVE;
				GCC_WARN_UNUSED_FUNCTION = YES;
				GCC_WARN_UNUSED_VARIABLE = YES;
				IPHONEOS_DEPLOYMENT_TARGET = 18.0;
				LOCALIZATION_PREFERS_STRING_CATALOGS = YES;
				MTL_ENABLE_DEBUG_INFO = INCLUDE_SOURCE;
				MTL_FAST_MATH = YES;
				ONLY_ACTIVE_ARCH = YES;
				SDKROOT = iphoneos;
				SWIFT_ACTIVE_COMPILATION_CONDITIONS = "DEBUG $(inherited)";
				SWIFT_OPTIMIZATION_LEVEL = "-Onone";
			};
			name = Debug;
		};
		DBCE252D2C5EC5A900B39853 /* Release */ = {
			isa = XCBuildConfiguration;
			buildSettings = {
				ALWAYS_SEARCH_USER_PATHS = NO;
				ASSETCATALOG_COMPILER_GENERATE_SWIFT_ASSET_SYMBOL_EXTENSIONS = YES;
				CLANG_ANALYZER_NONNULL = YES;
				CLANG_ANALYZER_NUMBER_OBJECT_CONVERSION = YES_AGGRESSIVE;
				CLANG_CXX_LANGUAGE_STANDARD = "gnu++20";
				CLANG_ENABLE_MODULES = YES;
				CLANG_ENABLE_OBJC_ARC = YES;
				CLANG_ENABLE_OBJC_WEAK = YES;
				CLANG_WARN_BLOCK_CAPTURE_AUTORELEASING = YES;
				CLANG_WARN_BOOL_CONVERSION = YES;
				CLANG_WARN_COMMA = YES;
				CLANG_WARN_CONSTANT_CONVERSION = YES;
				CLANG_WARN_DEPRECATED_OBJC_IMPLEMENTATIONS = YES;
				CLANG_WARN_DIRECT_OBJC_ISA_USAGE = YES_ERROR;
				CLANG_WARN_DOCUMENTATION_COMMENTS = YES;
				CLANG_WARN_EMPTY_BODY = YES;
				CLANG_WARN_ENUM_CONVERSION = YES;
				CLANG_WARN_INFINITE_RECURSION = YES;
				CLANG_WARN_INT_CONVERSION = YES;
				CLANG_WARN_NON_LITERAL_NULL_CONVERSION = YES;
				CLANG_WARN_OBJC_IMPLICIT_RETAIN_SELF = YES;
				CLANG_WARN_OBJC_LITERAL_CONVERSION = YES;
				CLANG_WARN_OBJC_ROOT_CLASS = YES_ERROR;
				CLANG_WARN_QUOTED_INCLUDE_IN_FRAMEWORK_HEADER = YES;
				CLANG_WARN_RANGE_LOOP_ANALYSIS = YES;
				CLANG_WARN_STRICT_PROTOTYPES = YES;
				CLANG_WARN_SUSPICIOUS_MOVE = YES;
				CLANG_WARN_UNGUARDED_AVAILABILITY = YES_AGGRESSIVE;
				CLANG_WARN_UNREACHABLE_CODE = YES;
				CLANG_WARN__DUPLICATE_METHOD_MATCH = YES;
				COPY_PHASE_STRIP = NO;
				DEBUG_INFORMATION_FORMAT = "dwarf-with-dsym";
				ENABLE_NS_ASSERTIONS = NO;
				ENABLE_STRICT_OBJC_MSGSEND = YES;
				ENABLE_USER_SCRIPT_SANDBOXING = YES;
				GCC_C_LANGUAGE_STANDARD = gnu17;
				GCC_NO_COMMON_BLOCKS = YES;
				GCC_WARN_64_TO_32_BIT_CONVERSION = YES;
				GCC_WARN_ABOUT_RETURN_TYPE = YES_ERROR;
				GCC_WARN_UNDECLARED_SELECTOR = YES;
				GCC_WARN_UNINITIALIZED_AUTOS = YES_AGGRESSIVE;
				GCC_WARN_UNUSED_FUNCTION = YES;
				GCC_WARN_UNUSED_VARIABLE = YES;
				IPHONEOS_DEPLOYMENT_TARGET = 18.0;
				LOCALIZATION_PREFERS_STRING_CATALOGS = YES;
				MTL_ENABLE_DEBUG_INFO = NO;
				MTL_FAST_MATH = YES;
				SDKROOT = iphoneos;
				SWIFT_COMPILATION_MODE = wholemodule;
				VALIDATE_PRODUCT = YES;
			};
			name = Release;
		};
		DBCE252F2C5EC5A900B39853 /* Debug */ = {
			isa = XCBuildConfiguration;
			buildSettings = {
				ASSETCATALOG_COMPILER_APPICON_NAME = AppIcon;
				ASSETCATALOG_COMPILER_GLOBAL_ACCENT_COLOR_NAME = AccentColor;
				CODE_SIGN_STYLE = Automatic;
				CURRENT_PROJECT_VERSION = 1;
				DEVELOPMENT_TEAM = A25MRU9RC9;
				GENERATE_INFOPLIST_FILE = YES;
				INFOPLIST_FILE = Pexels/Info.plist;
				INFOPLIST_KEY_CFBundleDisplayName = Pexels;
				INFOPLIST_KEY_UIApplicationSupportsIndirectInputEvents = YES;
				INFOPLIST_KEY_UILaunchStoryboardName = LaunchScreen;
				INFOPLIST_KEY_UISupportedInterfaceOrientations = UIInterfaceOrientationPortrait;
				IPHONEOS_DEPLOYMENT_TARGET = 17.0;
				LD_RUNPATH_SEARCH_PATHS = (
					"$(inherited)",
					"@executable_path/Frameworks",
				);
				MARKETING_VERSION = 1.0;
				PRODUCT_BUNDLE_IDENTIFIER = com.ayazayazov.Pexels;
				PRODUCT_NAME = "$(TARGET_NAME)";
				SWIFT_EMIT_LOC_STRINGS = YES;
				SWIFT_VERSION = 5.0;
				TARGETED_DEVICE_FAMILY = "1,2";
			};
			name = Debug;
		};
		DBCE25302C5EC5A900B39853 /* Release */ = {
			isa = XCBuildConfiguration;
			buildSettings = {
				ASSETCATALOG_COMPILER_APPICON_NAME = AppIcon;
				ASSETCATALOG_COMPILER_GLOBAL_ACCENT_COLOR_NAME = AccentColor;
				CODE_SIGN_STYLE = Automatic;
				CURRENT_PROJECT_VERSION = 1;
				DEVELOPMENT_TEAM = A25MRU9RC9;
				GENERATE_INFOPLIST_FILE = YES;
				INFOPLIST_FILE = Pexels/Info.plist;
				INFOPLIST_KEY_CFBundleDisplayName = Pexels;
				INFOPLIST_KEY_UIApplicationSupportsIndirectInputEvents = YES;
				INFOPLIST_KEY_UILaunchStoryboardName = LaunchScreen;
				INFOPLIST_KEY_UISupportedInterfaceOrientations = UIInterfaceOrientationPortrait;
				IPHONEOS_DEPLOYMENT_TARGET = 17.0;
				LD_RUNPATH_SEARCH_PATHS = (
					"$(inherited)",
					"@executable_path/Frameworks",
				);
				MARKETING_VERSION = 1.0;
				PRODUCT_BUNDLE_IDENTIFIER = com.ayazayazov.Pexels;
				PRODUCT_NAME = "$(TARGET_NAME)";
				SWIFT_EMIT_LOC_STRINGS = YES;
				SWIFT_VERSION = 5.0;
				TARGETED_DEVICE_FAMILY = "1,2";
			};
			name = Release;
		};
/* End XCBuildConfiguration section */

/* Begin XCConfigurationList section */
		DBCE25152C5EC5A600B39853 /* Build configuration list for PBXProject "Pexels" */ = {
			isa = XCConfigurationList;
			buildConfigurations = (
				DBCE252C2C5EC5A900B39853 /* Debug */,
				DBCE252D2C5EC5A900B39853 /* Release */,
			);
			defaultConfigurationIsVisible = 0;
			defaultConfigurationName = Release;
		};
		DBCE252E2C5EC5A900B39853 /* Build configuration list for PBXNativeTarget "Pexels" */ = {
			isa = XCConfigurationList;
			buildConfigurations = (
				DBCE252F2C5EC5A900B39853 /* Debug */,
				DBCE25302C5EC5A900B39853 /* Release */,
			);
			defaultConfigurationIsVisible = 0;
			defaultConfigurationName = Release;
		};
/* End XCConfigurationList section */

/* Begin XCRemoteSwiftPackageReference section */
		DBB63FD22C79C7EB0048A31D /* XCRemoteSwiftPackageReference "Alamofire" */ = {
			isa = XCRemoteSwiftPackageReference;
			repositoryURL = "https://github.com/Alamofire/Alamofire.git";
			requirement = {
				kind = upToNextMajorVersion;
				minimumVersion = 5.9.1;
			};
		};
		DBB63FD52C79C8010048A31D /* XCRemoteSwiftPackageReference "Kingfisher" */ = {
			isa = XCRemoteSwiftPackageReference;
			repositoryURL = "https://github.com/onevcat/Kingfisher.git";
			requirement = {
				kind = upToNextMajorVersion;
				minimumVersion = 7.12.0;
			};
		};
/* End XCRemoteSwiftPackageReference section */

/* Begin XCSwiftPackageProductDependency section */
		DBB63FD32C79C7EB0048A31D /* Alamofire */ = {
			isa = XCSwiftPackageProductDependency;
			package = DBB63FD22C79C7EB0048A31D /* XCRemoteSwiftPackageReference "Alamofire" */;
			productName = Alamofire;
		};
		DBB63FD62C79C8010048A31D /* Kingfisher */ = {
			isa = XCSwiftPackageProductDependency;
			package = DBB63FD52C79C8010048A31D /* XCRemoteSwiftPackageReference "Kingfisher" */;
			productName = Kingfisher;
		};
/* End XCSwiftPackageProductDependency section */
	};
	rootObject = DBCE25122C5EC5A600B39853 /* Project object */;
}
